
Microsoft Visual Studio Solution File, Format Version 12.00
# Visual Studio Version 17
VisualStudioVersion = 17.11.35118.90
MinimumVisualStudioVersion = 10.0.40219.1
Project("{9A19103F-16F7-4668-BE54-9A1E7A4F7556}") = "PrimeService", "PrimeService\PrimeService.csproj", "{5F532E36-4557-45DE-8D60-10D1334CF9B1}"
EndProject
Project("{2150E333-8FDC-42A3-9474-1A3956D46DE8}") = "Solution Items", "Solution Items", "{6D65D08C-A0D6-460F-8A04-B0B0BC9B9684}"
	ProjectSection(SolutionItems) = preProject
		.editorconfig = .editorconfig
		.gitattributes = .gitattributes
		.gitignore = .gitignore
	EndProjectSection
EndProject
Project("{FAE04EC0-301F-11D3-BF4B-00C04F79EFBC}") = "PrimeService.Tests", "PrimeService.Tests\PrimeService.Tests.csproj", "{03854037-0330-4372-B106-E200AB24CD17}"
EndProject
Project("{FAE04EC0-301F-11D3-BF4B-00C04F79EFBC}") = "CancellationTokenPractice", "CancellationTokenPractice\CancellationTokenPractice.csproj", "{B1A54FDE-F66C-4A4A-A51F-3A9D156A84C2}"
EndProject
Project("{FAE04EC0-301F-11D3-BF4B-00C04F79EFBC}") = "SmtcSampleApp", "SmtcSampleApp\SmtcSampleApp.csproj", "{FA254B67-724B-4C8E-AA7C-643DF246C171}"
EndProject
Global
	GlobalSection(SolutionConfigurationPlatforms) = preSolution
		Debug|Any CPU = Debug|Any CPU
		Release|Any CPU = Release|Any CPU
	EndGlobalSection
	GlobalSection(ProjectConfigurationPlatforms) = postSolution
		{5F532E36-4557-45DE-8D60-10D1334CF9B1}.Debug|Any CPU.ActiveCfg = Debug|Any CPU
		{5F532E36-4557-45DE-8D60-10D1334CF9B1}.Debug|Any CPU.Build.0 = Debug|Any CPU
		{5F532E36-4557-45DE-8D60-10D1334CF9B1}.Release|Any CPU.ActiveCfg = Release|Any CPU
		{5F532E36-4557-45DE-8D60-10D1334CF9B1}.Release|Any CPU.Build.0 = Release|Any CPU
		{03854037-0330-4372-B106-E200AB24CD17}.Debug|Any CPU.ActiveCfg = Debug|Any CPU
		{03854037-0330-4372-B106-E200AB24CD17}.Debug|Any CPU.Build.0 = Debug|Any CPU
		{03854037-0330-4372-B106-E200AB24CD17}.Release|Any CPU.ActiveCfg = Release|Any CPU
		{03854037-0330-4372-B106-E200AB24CD17}.Release|Any CPU.Build.0 = Release|Any CPU
		{FA254B67-724B-4C8E-AA7C-643DF246C171}.Debug|Any CPU.ActiveCfg = Debug|Any CPU
		{FA254B67-724B-4C8E-AA7C-643DF246C171}.Debug|Any CPU.Build.0 = Debug|Any CPU
		{FA254B67-724B-4C8E-AA7C-643DF246C171}.Release|Any CPU.ActiveCfg = Release|Any CPU
		{FA254B67-724B-4C8E-AA7C-643DF246C171}.Release|Any CPU.Build.0 = Release|Any CPU
		{B1A54FDE-F66C-4A4A-A51F-3A9D156A84C2}.Debug|Any CPU.ActiveCfg = Debug|Any CPU
		{B1A54FDE-F66C-4A4A-A51F-3A9D156A84C2}.Debug|Any CPU.Build.0 = Debug|Any CPU
		{B1A54FDE-F66C-4A4A-A51F-3A9D156A84C2}.Release|Any CPU.ActiveCfg = Release|Any CPU
		{B1A54FDE-F66C-4A4A-A51F-3A9D156A84C2}.Release|Any CPU.Build.0 = Release|Any CPU
	EndGlobalSection
	GlobalSection(SolutionProperties) = preSolution
		HideSolutionNode = FALSE
	EndGlobalSection
	GlobalSection(ExtensibilityGlobals) = postSolution
		SolutionGuid = {D2E8487D-FC40-428F-AA03-1D5AEF5D3CE2}
	EndGlobalSection
EndGlobal
